
Microsoft Visual Studio Solution File, Format Version 12.00
# Visual Studio Version 17
VisualStudioVersion = 17.10.35201.131
MinimumVisualStudioVersion = 10.0.40219.1
Project("{2150E333-8FDC-42A3-9474-1A3956D46DE8}") = "BankingAccount", "BankingAccount", "{C80B0B95-C8DD-4ECC-A91A-3301C620D3E0}"
EndProject
Project("{2150E333-8FDC-42A3-9474-1A3956D46DE8}") = "Microservices", "Microservices", "{AB0DBC0B-CD43-4DEF-87B5-2DA7AD924208}"
EndProject
Project("{2150E333-8FDC-42A3-9474-1A3956D46DE8}") = "CQRS", "CQRS", "{E792619E-6E9F-41CA-9A55-D0DDD0599CCD}"
EndProject
Project("{2150E333-8FDC-42A3-9474-1A3956D46DE8}") = "Command", "Command", "{C453F621-2D21-4878-8200-CF0CDA087CB2}"
EndProject
Project("{2150E333-8FDC-42A3-9474-1A3956D46DE8}") = "Query", "Query", "{57554C87-8AE3-4A48-9097-6B83EA9267A9}"
EndProject
Project("{9A19103F-16F7-4668-BE54-9A1E7A4F7556}") = "Banking.Cqrs.Core", "Banking.Cqrs.Core\Banking.Cqrs.Core.csproj", "{1D982A61-2926-4528-8495-5CAA2E184F43}"
EndProject
Project("{2150E333-8FDC-42A3-9474-1A3956D46DE8}") = "Api", "Api", "{ED6CCE4A-FE17-4B11-B934-48C667075564}"
EndProject
Project("{2150E333-8FDC-42A3-9474-1A3956D46DE8}") = "Application", "Application", "{F5731B0F-0E88-4A05-80A0-DDF856F3F564}"
EndProject
Project("{2150E333-8FDC-42A3-9474-1A3956D46DE8}") = "Domain", "Domain", "{25F61783-8E93-4494-AE04-44FE6FE3613E}"
EndProject
Project("{2150E333-8FDC-42A3-9474-1A3956D46DE8}") = "Infrastructure", "Infrastructure", "{37A9D012-14DA-4BAA-9EA9-EE1D3D6628E1}"
EndProject
Project("{9A19103F-16F7-4668-BE54-9A1E7A4F7556}") = "Banking.Account.Command.Domain", "Banking.Account.Command.Domain\Banking.Account.Command.Domain.csproj", "{D9D7E76E-37CB-4D18-B47F-53D446D168B2}"
EndProject
Project("{9A19103F-16F7-4668-BE54-9A1E7A4F7556}") = "Banking.Account.Command.Application", "Banking.Account.Command.Application\Banking.Account.Command.Application.csproj", "{3C036CB7-395C-45F7-97E6-864CCCCCDE6E}"
EndProject
Project("{9A19103F-16F7-4668-BE54-9A1E7A4F7556}") = "Banking.Account.Command.Infrastructure", "Banking.Account.Command.Infrastructure\Banking.Account.Command.Infrastructure.csproj", "{889F9E9D-5411-40E9-92CE-C5634D2E34F5}"
EndProject
Project("{9A19103F-16F7-4668-BE54-9A1E7A4F7556}") = "Banking.Account.Command.Api", "Banking.Account.Command.Api\Banking.Account.Command.Api.csproj", "{74273977-BFDC-45CB-B45A-C114E26DBEF1}"
EndProject
Project("{2150E333-8FDC-42A3-9474-1A3956D46DE8}") = "Api", "Api", "{F8F03F5D-37D1-4F8C-AE19-1B52642E8A5E}"
EndProject
Project("{2150E333-8FDC-42A3-9474-1A3956D46DE8}") = "Application", "Application", "{5661EA23-BDFC-4F51-92CD-8ADD883AE3AC}"
EndProject
Project("{2150E333-8FDC-42A3-9474-1A3956D46DE8}") = "Domain", "Domain", "{C36C8DF3-6D83-4DFE-9F87-58110D68CF3F}"
EndProject
Project("{2150E333-8FDC-42A3-9474-1A3956D46DE8}") = "Infrastructure", "Infrastructure", "{6B3037CB-3470-4D9D-80AF-9C25E9FCEC2B}"
EndProject
Project("{2150E333-8FDC-42A3-9474-1A3956D46DE8}") = "Consumer", "Consumer", "{5841F558-BD3F-456F-B32D-F4553D00A40C}"
EndProject
Project("{9A19103F-16F7-4668-BE54-9A1E7A4F7556}") = "Banking.Account.Query.Domain", "Banking.Account.Query.Domain\Banking.Account.Query.Domain.csproj", "{F132B889-0919-4E20-89D8-3500FA09D97C}"
EndProject
Project("{9A19103F-16F7-4668-BE54-9A1E7A4F7556}") = "Banking.Account.Query.Application", "Banking.Account.Query.Application\Banking.Account.Query.Application.csproj", "{94A0D909-CEB0-4BC4-A944-04C649FEFDAC}"
EndProject
Project("{9A19103F-16F7-4668-BE54-9A1E7A4F7556}") = "Banking.Account.Query.Api", "Banking.Account.Query.Api\Banking.Account.Query.Api.csproj", "{DE35FF05-1423-4DA6-AC21-2AC36F085BA3}"
EndProject
Project("{9A19103F-16F7-4668-BE54-9A1E7A4F7556}") = "Banking.Account.Query.Consumer", "Banking.Account.Query.Consumer\Banking.Account.Query.Consumer.csproj", "{EB578FB1-E4DF-4449-9608-9D9AAB546766}"
EndProject
Project("{FAE04EC0-301F-11D3-BF4B-00C04F79EFBC}") = "Banking.Account.Query.Infrastructure", "Banking.Account.Query.Infrastructure\Banking.Account.Query.Infrastructure.csproj", "{CD5C4245-38A3-4B80-AA60-B01FB3FE4DF1}"
EndProject
Global
	GlobalSection(SolutionConfigurationPlatforms) = preSolution
		Debug|Any CPU = Debug|Any CPU
		Release|Any CPU = Release|Any CPU
	EndGlobalSection
	GlobalSection(ProjectConfigurationPlatforms) = postSolution
		{1D982A61-2926-4528-8495-5CAA2E184F43}.Debug|Any CPU.ActiveCfg = Debug|Any CPU
		{1D982A61-2926-4528-8495-5CAA2E184F43}.Debug|Any CPU.Build.0 = Debug|Any CPU
		{1D982A61-2926-4528-8495-5CAA2E184F43}.Release|Any CPU.ActiveCfg = Release|Any CPU
		{1D982A61-2926-4528-8495-5CAA2E184F43}.Release|Any CPU.Build.0 = Release|Any CPU
		{D9D7E76E-37CB-4D18-B47F-53D446D168B2}.Debug|Any CPU.ActiveCfg = Debug|Any CPU
		{D9D7E76E-37CB-4D18-B47F-53D446D168B2}.Debug|Any CPU.Build.0 = Debug|Any CPU
		{D9D7E76E-37CB-4D18-B47F-53D446D168B2}.Release|Any CPU.ActiveCfg = Release|Any CPU
		{D9D7E76E-37CB-4D18-B47F-53D446D168B2}.Release|Any CPU.Build.0 = Release|Any CPU
		{3C036CB7-395C-45F7-97E6-864CCCCCDE6E}.Debug|Any CPU.ActiveCfg = Debug|Any CPU
		{3C036CB7-395C-45F7-97E6-864CCCCCDE6E}.Debug|Any CPU.Build.0 = Debug|Any CPU
		{3C036CB7-395C-45F7-97E6-864CCCCCDE6E}.Release|Any CPU.ActiveCfg = Release|Any CPU
		{3C036CB7-395C-45F7-97E6-864CCCCCDE6E}.Release|Any CPU.Build.0 = Release|Any CPU
		{889F9E9D-5411-40E9-92CE-C5634D2E34F5}.Debug|Any CPU.ActiveCfg = Debug|Any CPU
		{889F9E9D-5411-40E9-92CE-C5634D2E34F5}.Debug|Any CPU.Build.0 = Debug|Any CPU
		{889F9E9D-5411-40E9-92CE-C5634D2E34F5}.Release|Any CPU.ActiveCfg = Release|Any CPU
		{889F9E9D-5411-40E9-92CE-C5634D2E34F5}.Release|Any CPU.Build.0 = Release|Any CPU
		{74273977-BFDC-45CB-B45A-C114E26DBEF1}.Debug|Any CPU.ActiveCfg = Debug|Any CPU
		{74273977-BFDC-45CB-B45A-C114E26DBEF1}.Debug|Any CPU.Build.0 = Debug|Any CPU
		{74273977-BFDC-45CB-B45A-C114E26DBEF1}.Release|Any CPU.ActiveCfg = Release|Any CPU
		{74273977-BFDC-45CB-B45A-C114E26DBEF1}.Release|Any CPU.Build.0 = Release|Any CPU
		{F132B889-0919-4E20-89D8-3500FA09D97C}.Debug|Any CPU.ActiveCfg = Debug|Any CPU
		{F132B889-0919-4E20-89D8-3500FA09D97C}.Debug|Any CPU.Build.0 = Debug|Any CPU
		{F132B889-0919-4E20-89D8-3500FA09D97C}.Release|Any CPU.ActiveCfg = Release|Any CPU
		{F132B889-0919-4E20-89D8-3500FA09D97C}.Release|Any CPU.Build.0 = Release|Any CPU
		{94A0D909-CEB0-4BC4-A944-04C649FEFDAC}.Debug|Any CPU.ActiveCfg = Debug|Any CPU
		{94A0D909-CEB0-4BC4-A944-04C649FEFDAC}.Debug|Any CPU.Build.0 = Debug|Any CPU
		{94A0D909-CEB0-4BC4-A944-04C649FEFDAC}.Release|Any CPU.ActiveCfg = Release|Any CPU
		{94A0D909-CEB0-4BC4-A944-04C649FEFDAC}.Release|Any CPU.Build.0 = Release|Any CPU
		{DE35FF05-1423-4DA6-AC21-2AC36F085BA3}.Debug|Any CPU.ActiveCfg = Debug|Any CPU
		{DE35FF05-1423-4DA6-AC21-2AC36F085BA3}.Debug|Any CPU.Build.0 = Debug|Any CPU
		{DE35FF05-1423-4DA6-AC21-2AC36F085BA3}.Release|Any CPU.ActiveCfg = Release|Any CPU
		{DE35FF05-1423-4DA6-AC21-2AC36F085BA3}.Release|Any CPU.Build.0 = Release|Any CPU
		{EB578FB1-E4DF-4449-9608-9D9AAB546766}.Debug|Any CPU.ActiveCfg = Debug|Any CPU
		{EB578FB1-E4DF-4449-9608-9D9AAB546766}.Debug|Any CPU.Build.0 = Debug|Any CPU
		{EB578FB1-E4DF-4449-9608-9D9AAB546766}.Release|Any CPU.ActiveCfg = Release|Any CPU
		{EB578FB1-E4DF-4449-9608-9D9AAB546766}.Release|Any CPU.Build.0 = Release|Any CPU
		{CD5C4245-38A3-4B80-AA60-B01FB3FE4DF1}.Debug|Any CPU.ActiveCfg = Debug|Any CPU
		{CD5C4245-38A3-4B80-AA60-B01FB3FE4DF1}.Debug|Any CPU.Build.0 = Debug|Any CPU
		{CD5C4245-38A3-4B80-AA60-B01FB3FE4DF1}.Release|Any CPU.ActiveCfg = Release|Any CPU
		{CD5C4245-38A3-4B80-AA60-B01FB3FE4DF1}.Release|Any CPU.Build.0 = Release|Any CPU
	EndGlobalSection
	GlobalSection(SolutionProperties) = preSolution
		HideSolutionNode = FALSE
	EndGlobalSection
	GlobalSection(NestedProjects) = preSolution
		{AB0DBC0B-CD43-4DEF-87B5-2DA7AD924208} = {C80B0B95-C8DD-4ECC-A91A-3301C620D3E0}
		{C453F621-2D21-4878-8200-CF0CDA087CB2} = {AB0DBC0B-CD43-4DEF-87B5-2DA7AD924208}
		{57554C87-8AE3-4A48-9097-6B83EA9267A9} = {AB0DBC0B-CD43-4DEF-87B5-2DA7AD924208}
		{1D982A61-2926-4528-8495-5CAA2E184F43} = {E792619E-6E9F-41CA-9A55-D0DDD0599CCD}
		{ED6CCE4A-FE17-4B11-B934-48C667075564} = {C453F621-2D21-4878-8200-CF0CDA087CB2}
		{F5731B0F-0E88-4A05-80A0-DDF856F3F564} = {C453F621-2D21-4878-8200-CF0CDA087CB2}
		{25F61783-8E93-4494-AE04-44FE6FE3613E} = {C453F621-2D21-4878-8200-CF0CDA087CB2}
		{37A9D012-14DA-4BAA-9EA9-EE1D3D6628E1} = {C453F621-2D21-4878-8200-CF0CDA087CB2}
		{D9D7E76E-37CB-4D18-B47F-53D446D168B2} = {25F61783-8E93-4494-AE04-44FE6FE3613E}
		{3C036CB7-395C-45F7-97E6-864CCCCCDE6E} = {F5731B0F-0E88-4A05-80A0-DDF856F3F564}
		{889F9E9D-5411-40E9-92CE-C5634D2E34F5} = {37A9D012-14DA-4BAA-9EA9-EE1D3D6628E1}
		{74273977-BFDC-45CB-B45A-C114E26DBEF1} = {ED6CCE4A-FE17-4B11-B934-48C667075564}
		{F8F03F5D-37D1-4F8C-AE19-1B52642E8A5E} = {57554C87-8AE3-4A48-9097-6B83EA9267A9}
		{5661EA23-BDFC-4F51-92CD-8ADD883AE3AC} = {57554C87-8AE3-4A48-9097-6B83EA9267A9}
		{C36C8DF3-6D83-4DFE-9F87-58110D68CF3F} = {57554C87-8AE3-4A48-9097-6B83EA9267A9}
		{6B3037CB-3470-4D9D-80AF-9C25E9FCEC2B} = {57554C87-8AE3-4A48-9097-6B83EA9267A9}
		{5841F558-BD3F-456F-B32D-F4553D00A40C} = {57554C87-8AE3-4A48-9097-6B83EA9267A9}
		{F132B889-0919-4E20-89D8-3500FA09D97C} = {C36C8DF3-6D83-4DFE-9F87-58110D68CF3F}
		{94A0D909-CEB0-4BC4-A944-04C649FEFDAC} = {5661EA23-BDFC-4F51-92CD-8ADD883AE3AC}
		{DE35FF05-1423-4DA6-AC21-2AC36F085BA3} = {F8F03F5D-37D1-4F8C-AE19-1B52642E8A5E}
		{EB578FB1-E4DF-4449-9608-9D9AAB546766} = {5841F558-BD3F-456F-B32D-F4553D00A40C}
		{CD5C4245-38A3-4B80-AA60-B01FB3FE4DF1} = {6B3037CB-3470-4D9D-80AF-9C25E9FCEC2B}
	EndGlobalSection
	GlobalSection(ExtensibilityGlobals) = postSolution
		SolutionGuid = {7F3C96F2-6F64-40BA-945D-683D65D50864}
	EndGlobalSection
EndGlobal
